
Microsoft Visual Studio Solution File, Format Version 12.00
# Visual Studio Version 17
VisualStudioVersion = 17.10.35122.118
MinimumVisualStudioVersion = 10.0.40219.1
Project("{F2A71F9B-5D33-465A-A702-920D77279786}") = "Hello", "Hello.fsproj", "{4943F7C1-A8EF-4400-88E5-2E291AAC5C77}"
EndProject
Global
	GlobalSection(SolutionConfigurationPlatforms) = preSolution
		Debug|Any CPU = Debug|Any CPU
		Release|Any CPU = Release|Any CPU
	EndGlobalSection
	GlobalSection(ProjectConfigurationPlatforms) = postSolution
		{4943F7C1-A8EF-4400-88E5-2E291AAC5C77}.Debug|Any CPU.ActiveCfg = Debug|Any CPU
		{4943F7C1-A8EF-4400-88E5-2E291AAC5C77}.Debug|Any CPU.Build.0 = Debug|Any CPU
		{4943F7C1-A8EF-4400-88E5-2E291AAC5C77}.Release|Any CPU.ActiveCfg = Release|Any CPU
		{4943F7C1-A8EF-4400-88E5-2E291AAC5C77}.Release|Any CPU.Build.0 = Release|Any CPU
	EndGlobalSection
	GlobalSection(SolutionProperties) = preSolution
		HideSolutionNode = FALSE
	EndGlobalSection
	GlobalSection(ExtensibilityGlobals) = postSolution
		SolutionGuid = {B5CAC7CF-E623-4F73-B8F3-30BF96E6BB03}
	EndGlobalSection
EndGlobal
